PODS:
  - ViewDeck (2.3.1)
  - YGeocoder (0.0.1)

DEPENDENCIES:
  - ViewDeck
  - YGeocoder (from `YGeocoder.podspec`)

EXTERNAL SOURCES:
  YGeocoder:
    :podspec: YGeocoder.podspec

SPEC CHECKSUMS:
  ViewDeck: 2cdc67c4b41a10cafc7556b982f028409e33604d
  YGeocoder: 2189e4ea3e48c1fbb557073727a12c35e83290d2

COCOAPODS: 0.29.0
